
Microsoft Visual Studio Solution File, Format Version 12.00
# Visual Studio 2013
VisualStudioVersion = 12.0.40629.0
MinimumVisualStudioVersion = 10.0.40219.1
Project("{FAE04EC0-301F-11D3-BF4B-00C04F79EFBC}") = "CapaDatos", "CapaDatos\CapaDatos.csproj", "{8BF26A90-3F8B-4C45-A8BE-5BB016550849}"
EndProject
Project("{FAE04EC0-301F-11D3-BF4B-00C04F79EFBC}") = "CapaDatosLinq", "CapaDatosLinq\CapaDatosLinq.csproj", "{48F8DCBE-2397-4472-B14E-4C86AEEB3614}"
EndProject
Global
	GlobalSection(SolutionConfigurationPlatforms) = preSolution
		Debug|Any CPU = Debug|Any CPU
		Release|Any CPU = Release|Any CPU
	EndGlobalSection
	GlobalSection(ProjectConfigurationPlatforms) = postSolution
		{8BF26A90-3F8B-4C45-A8BE-5BB016550849}.Debug|Any CPU.ActiveCfg = Debug|Any CPU
		{8BF26A90-3F8B-4C45-A8BE-5BB016550849}.Debug|Any CPU.Build.0 = Debug|Any CPU
		{8BF26A90-3F8B-4C45-A8BE-5BB016550849}.Release|Any CPU.ActiveCfg = Release|Any CPU
		{8BF26A90-3F8B-4C45-A8BE-5BB016550849}.Release|Any CPU.Build.0 = Release|Any CPU
		{48F8DCBE-2397-4472-B14E-4C86AEEB3614}.Debug|Any CPU.ActiveCfg = Debug|Any CPU
		{48F8DCBE-2397-4472-B14E-4C86AEEB3614}.Debug|Any CPU.Build.0 = Debug|Any CPU
		{48F8DCBE-2397-4472-B14E-4C86AEEB3614}.Release|Any CPU.ActiveCfg = Release|Any CPU
		{48F8DCBE-2397-4472-B14E-4C86AEEB3614}.Release|Any CPU.Build.0 = Release|Any CPU
	EndGlobalSection
	GlobalSection(SolutionProperties) = preSolution
		HideSolutionNode = FALSE
	EndGlobalSection
EndGlobal
